
Microsoft Visual Studio Solution File, Format Version 12.00
# Visual Studio 15
VisualStudioVersion = 15.0.28010.2036
MinimumVisualStudioVersion = 10.0.40219.1
Project("{FAE04EC0-301F-11D3-BF4B-00C04F79EFBC}") = "App", "App.csproj", "{75B54532-5970-4838-B94C-15C194EB2DE5}"
EndProject
Global
	GlobalSection(SolutionConfigurationPlatforms) = preSolution
		Debug|Any CPU = Debug|Any CPU
		Release|Any CPU = Release|Any CPU
	EndGlobalSection
	GlobalSection(ProjectConfigurationPlatforms) = postSolution
		{75B54532-5970-4838-B94C-15C194EB2DE5}.Debug|Any CPU.ActiveCfg = Debug|Any CPU
		{75B54532-5970-4838-B94C-15C194EB2DE5}.Debug|Any CPU.Build.0 = Debug|Any CPU
		{75B54532-5970-4838-B94C-15C194EB2DE5}.Release|Any CPU.ActiveCfg = Release|Any CPU
		{75B54532-5970-4838-B94C-15C194EB2DE5}.Release|Any CPU.Build.0 = Release|Any CPU
	EndGlobalSection
	GlobalSection(SolutionProperties) = preSolution
		HideSolutionNode = FALSE
	EndGlobalSection
	GlobalSection(ExtensibilityGlobals) = postSolution
		SolutionGuid = {A76EF134-73A3-4460-83B2-0C64C1C31309}
	EndGlobalSection
EndGlobal
